
Microsoft Visual Studio Solution File, Format Version 12.00
# Visual Studio Version 17
VisualStudioVersion = 17.3.32804.467
MinimumVisualStudioVersion = 10.0.40219.1
Project("{9A19103F-16F7-4668-BE54-9A1E7A4F7556}") = "ContactsApi", "ContactsApi.csproj", "{1E38647F-F39E-475D-A2DD-E27B02A2613F}"
EndProject
Project("{E53339B2-1760-4266-BCC7-CA923CBCF16C}") = "docker-compose", "docker-compose.dcproj", "{D938220B-3070-48DC-9B30-24E54B3670AE}"
EndProject
Global
	GlobalSection(SolutionConfigurationPlatforms) = preSolution
		Debug|Any CPU = Debug|Any CPU
		Release|Any CPU = Release|Any CPU
	EndGlobalSection
	GlobalSection(ProjectConfigurationPlatforms) = postSolution
		{1E38647F-F39E-475D-A2DD-E27B02A2613F}.Debug|Any CPU.ActiveCfg = Debug|Any CPU
		{1E38647F-F39E-475D-A2DD-E27B02A2613F}.Debug|Any CPU.Build.0 = Debug|Any CPU
		{1E38647F-F39E-475D-A2DD-E27B02A2613F}.Release|Any CPU.ActiveCfg = Release|Any CPU
		{1E38647F-F39E-475D-A2DD-E27B02A2613F}.Release|Any CPU.Build.0 = Release|Any CPU
		{D938220B-3070-48DC-9B30-24E54B3670AE}.Debug|Any CPU.ActiveCfg = Debug|Any CPU
		{D938220B-3070-48DC-9B30-24E54B3670AE}.Debug|Any CPU.Build.0 = Debug|Any CPU
		{D938220B-3070-48DC-9B30-24E54B3670AE}.Release|Any CPU.ActiveCfg = Release|Any CPU
		{D938220B-3070-48DC-9B30-24E54B3670AE}.Release|Any CPU.Build.0 = Release|Any CPU
	EndGlobalSection
	GlobalSection(SolutionProperties) = preSolution
		HideSolutionNode = FALSE
	EndGlobalSection
	GlobalSection(ExtensibilityGlobals) = postSolution
		SolutionGuid = {4B3A6382-4AF1-406B-9149-0A3299647CBC}
	EndGlobalSection
EndGlobal
